
Microsoft Visual Studio Solution File, Format Version 12.00
# Visual Studio Version 17
VisualStudioVersion = 17.14.37328.6 d17.14
MinimumVisualStudioVersion = 10.0.40219.1
Project("{FAE04EC0-301F-11D3-BF4B-00C04F79EFBC}") = "WinFormsProject", "WinFormsProject\WinFormsProject.csproj", "{2F62B7D5-BE12-42ED-AC45-F971025BF223}"
EndProject
Global
	GlobalSection(SolutionConfigurationPlatforms) = preSolution
		Debug|Any CPU = Debug|Any CPU
		Release|Any CPU = Release|Any CPU
	EndGlobalSection
	GlobalSection(ProjectConfigurationPlatforms) = postSolution
		{2F62B7D5-BE12-42ED-AC45-F971025BF223}.Debug|Any CPU.ActiveCfg = Debug|Any CPU
		{2F62B7D5-BE12-42ED-AC45-F971025BF223}.Debug|Any CPU.Build.0 = Debug|Any CPU
		{2F62B7D5-BE12-42ED-AC45-F971025BF223}.Release|Any CPU.ActiveCfg = Release|Any CPU
		{2F62B7D5-BE12-42ED-AC45-F971025BF223}.Release|Any CPU.Build.0 = Release|Any CPU
	EndGlobalSection
	GlobalSection(SolutionProperties) = preSolution
		HideSolutionNode = FALSE
	EndGlobalSection
	GlobalSection(ExtensibilityGlobals) = postSolution
		SolutionGuid = {C0A174DF-EEBC-41A1-95B3-3FFEB4F7BCF2}
	EndGlobalSection
EndGlobal
